
Microsoft Visual Studio Solution File, Format Version 12.00
# Visual Studio Version 17
VisualStudioVersion = 17.10.34928.147
MinimumVisualStudioVersion = 10.0.40219.1
Project("{FAE04EC0-301F-11D3-BF4B-00C04F79EFBC}") = "ReservationSystem_App", "ReservationSystem_App\ReservationSystem_App.csproj", "{9971542D-8421-4209-96D0-8D2D1E4BC0ED}"
EndProject
Global
	GlobalSection(SolutionConfigurationPlatforms) = preSolution
		Debug|Any CPU = Debug|Any CPU
		Release|Any CPU = Release|Any CPU
	EndGlobalSection
	GlobalSection(ProjectConfigurationPlatforms) = postSolution
		{9971542D-8421-4209-96D0-8D2D1E4BC0ED}.Debug|Any CPU.ActiveCfg = Debug|Any CPU
		{9971542D-8421-4209-96D0-8D2D1E4BC0ED}.Debug|Any CPU.Build.0 = Debug|Any CPU
		{9971542D-8421-4209-96D0-8D2D1E4BC0ED}.Release|Any CPU.ActiveCfg = Release|Any CPU
		{9971542D-8421-4209-96D0-8D2D1E4BC0ED}.Release|Any CPU.Build.0 = Release|Any CPU
	EndGlobalSection
	GlobalSection(SolutionProperties) = preSolution
		HideSolutionNode = FALSE
	EndGlobalSection
	GlobalSection(ExtensibilityGlobals) = postSolution
		SolutionGuid = {394B8492-DA24-4B91-9FA0-A7AD5AEDD18C}
	EndGlobalSection
EndGlobal
